{
    "_meta": {
        "hash": {
            "sha256": "d1af26508d2af74ab275cd85c0b0cb7fa70f36c47743b8e09d0245710e6b4b53"
        },
        "pipfile-spec": 6,
        "requires": {
            "python_version": "3.6"
        },
        "sources": [
            {
                "name": "pypi",
                "url": "https://pypi.org/simple",
                "verify_ssl": true
            }
        ]
    },
    "default": {
        "absl-py": {
            "hashes": [
                "sha256:e0eb8358b549552b1cc5972350bc3e41dd0a926c15b3ff95ce60f3c78c80824c"
            ],
            "version": "==0.2.2"
        },
        "astor": {
            "hashes": [
                "sha256:64c805f1ad6fbc505633416b6174fc23796eb164f371a7dc1f3951ea30560fb5",
                "sha256:ff6d2e2962d834acb125cc4dcc80c54a8c17c253f4cc9d9c43b5102a560bb75d"
            ],
            "version": "==0.6.2"
        },
        "gast": {
            "hashes": [
                "sha256:7068908321ecd2774f145193c4b34a11305bd104b4551b09273dfd1d6a374930"
            ],
            "version": "==0.2.0"
        },
        "grpcio": {
            "hashes": [
                "sha256:0c5576d0e500856f66680e9ed0e832495db6101e8c4db0a0abf1661cfa65a8d9",
                "sha256:204f7c14525e73c7eeb4d62e55462ba80a1f7c0b39e30d26be3630cdc3a36ba5",
                "sha256:22b1aa42557e1b88a75e810c95e9040d855abca21286578281f5cd6245d3f54a",
                "sha256:3955728e2ec2ac3c0ffb466392b660e1255ade01c42e80dc9137c925097d3dbd",
                "sha256:3e9f1d70149c4fe67cd5e945f08f0e3fa86f186dd02bbee5b6ec49940d5aed50",
                "sha256:4acbfa65b56dcadcc480110347cfa079a1424a7ddadf4eb6dee76599a501bb6b",
                "sha256:549949b6184976551b2a92bae8f33010625bad4f84988011fe98bcb6cdb1207d",
                "sha256:64adac28a00f62f0d5deb3bc61f3aeb7a456f16b4100468b4589a6fcef06dd04",
                "sha256:6f7747128314a0e2ef8d4e50c21446fd4904f205a925d99946db6843108b6656",
                "sha256:727d8ef0592a094ce15b3729caea17ba304c85c09e82cb9d32516ca9832a1ad4",
                "sha256:73329f146a49c34a2129139390b1e24064c5aec89ca25056b6c2c1abece70b53",
                "sha256:7405f960e1bddd3eba49cef50319d0f5183a19f5c0e7ae824db0ddb36615c420",
                "sha256:785c92d411d16a2bbb752c36e0bc0be1e387cfc0d1cb52f3c13ca5d77d1f1b56",
                "sha256:843c62713655b017443368edb1ed100e38ae7aae26d6c253f541e2d9fd9a33a1",
                "sha256:9b0ad202e6770b515b1f7c5c2e15dd1d81984753bc9d857ad470f99a58b4a938",
                "sha256:a9344fb82cd5b69a17fd8c28fd61def45321784fca2d733398dbde65627b32d3",
                "sha256:a99d19599e5273db818843327b0ae9d4b021cd8dfe522d8e7db659db89e34491",
                "sha256:b667cf9fdf3efb87550635b2454cc2fe25fb2b5ed5f38e91035f39d6f6462937",
                "sha256:c00eb8b5c18a10acde9e0776e491c02386a7054953538f508fd19122fb9775f2",
                "sha256:c46614805edca4893660c03ac742993f6a60476064825ad4b0200a6b86f88732",
                "sha256:ca3414bafee8be7547d0a119f65014766004c34fa976ec28d2451898c16bb1d1",
                "sha256:cd6aadb9228773fca66d8be17d0f892902053e5b28b05f8a80dbc730260558d8",
                "sha256:ceff749f3eaaab31f3a3c14d7b52e7a290e7e7ef1be50f777ad3e0f0cfc1cd3b",
                "sha256:d8dc3c5c7b9062bde5af7b5705e2b2c9a830f0b943bacb83eae905f11e53ac50",
                "sha256:dc394dfc13957d1f42fcdce5888d6e2f20f7367f576f2f735c66587f2c0a8942",
                "sha256:e06b892aa47236cfd3f6ab0b9ec353afc6e00b8033e342b8e5661a729ee62367",
                "sha256:e5333c519cd0b2cbf9873c3fb9b5689b91fb46d621e030028fd40025ddbe0f57",
                "sha256:e9ee42892d7a7bc38c6fec6b3a16611a88d729ec6ddc8047ab5cb13a8be23350",
                "sha256:fe808b5bd42ccadd2a5db766054fc1b4ab38a5bb7a8fd7cd26c7ff495cce3375"
            ],
            "version": "==1.13.0rc2"
        },
        "markdown": {
            "hashes": [
                "sha256:9ba587db9daee7ec761cfc656272be6aabe2ed300fece21208e4aab2e457bc8f",
                "sha256:a856869c7ff079ad84a3e19cd87a64998350c2b94e9e08e44270faef33400f81"
            ],
            "version": "==2.6.11"
        },
        "mido": {
            "hashes": [
                "sha256:35142874d4521dc5fcebcdc3a645df87cb0ecad129dd031cbca391e2d052313f",
                "sha256:64b9d1595da8f319bff2eb866f9181257d3670a7803f7e38415f22c03a577560"
            ],
            "version": "==1.2.8"
        },
        "nltk": {
            "hashes": [
                "sha256:fe0eda251be65843be86d7de9abfbf7161732256f742e623b21243ec47bdb718"
            ],
            "index": "pypi",
            "version": "==3.3.0"
        },
        "numpy": {
            "hashes": [
                "sha256:07379fe0b450f6fd6e5934a9bc015025bb4ce1c8fbed3ca8bef29328b1bc9570",
                "sha256:085afac75bbc97a096744fcfc97a4b321c5a87220286811e85089ae04885acdd",
                "sha256:2d6481c6bdab1c75affc0fc71eb1bd4b3ecef620d06f2f60c3f00521d54be04f",
                "sha256:2df854df882d322d5c23087a4959e145b953dfff2abe1774fec4f639ac2f3160",
                "sha256:381ad13c30cd1d0b2f3da8a0c1a4aa697487e8bb0e9e0cbeb7439776bcb645f8",
                "sha256:385f1ce46e08676505b692bfde918c1e0b350963a15ef52d77691c2cf0f5dbf6",
                "sha256:4d278c2261be6423c5e63d8f0ceb1b0c6db3ff83f2906f4b860db6ae99ca1bb5",
                "sha256:51c5dcb51cf88b34b7d04c15f600b07c6ccbb73a089a38af2ab83c02862318da",
                "sha256:589336ba5199c8061239cf446ee2f2f1fcc0c68e8531ee1382b6fc0c66b2d388",
                "sha256:5edf1acc827ed139086af95ce4449b7b664f57a8c29eb755411a634be280d9f2",
                "sha256:6b82b81c6b3b70ed40bc6d0b71222ebfcd6b6c04a6e7945a936e514b9113d5a3",
                "sha256:6c57f973218b776195d0356e556ec932698f3a563e2f640cfca7020086383f50",
                "sha256:758d1091a501fd2d75034e55e7e98bfd1370dc089160845c242db1c760d944d9",
                "sha256:8622db292b766719810e0cb0f62ef6141e15fe32b04e4eb2959888319e59336b",
                "sha256:8b8dcfcd630f1981f0f1e3846fae883376762a0c1b472baa35b145b911683b7b",
                "sha256:97fa8f1dceffab782069b291e38c4c2227f255cdac5f1e3346666931df87373e",
                "sha256:9d69967673ab7b028c2df09cae05ba56bf4e39e3cb04ebe452b6035c3b49848e",
                "sha256:9e1f53afae865cc32459ad211493cf9e2a3651a7295b7a38654ef3d123808996",
                "sha256:a4a433b3a264dbc9aa9c7c241e87c0358a503ea6394f8737df1683c7c9a102ac",
                "sha256:baadc5f770917ada556afb7651a68176559f4dca5f4b2d0947cd15b9fb84fb51",
                "sha256:c725d11990a9243e6ceffe0ab25a07c46c1cc2c5dc55e305717b5afe856c9608",
                "sha256:d696a8c87315a83983fc59dd27efe034292b9e8ad667aeae51a68b4be14690d9",
                "sha256:e1864a4e9f93ddb2dc6b62ccc2ec1f8250ff4ac0d3d7a15c8985dd4e1fbd6418"
            ],
            "index": "pypi",
            "version": "==1.14.5"
        },
        "pretty-midi": {
            "hashes": [
                "sha256:1246439dd74c31abbe2f7a3aef3d28620b1882ece635f0baf88e2c1b491f1432"
            ],
            "index": "pypi",
            "version": "==0.2.8"
        },
        "protobuf": {
            "hashes": [
                "sha256:12985d9f40c104da2f44ec089449214876809b40fdc5d9e43b93b512b9e74056",
                "sha256:12c97fe27af12fc5d66b23f905ab09dd4fb0c68d5a74a419d914580e6d2e71e3",
                "sha256:327fb9d8a8247bc780b9ea7ed03c0643bc0d22c139b761c9ec1efc7cc3f0923e",
                "sha256:3895319db04c0b3baed74fb66be7ba9f4cd8e88a432b8e71032cdf08b2dfee23",
                "sha256:695072063e256d32335d48b9484451f7c7948edc3dbd419469d6a778602682fc",
                "sha256:7d786f3ef5b33a04e6538089674f244a3b0f588155016559d950989010af97d0",
                "sha256:8bf82bb7a466a54be7272dcb492f71d55a2453a58d862fb74c3f2083f2768543",
                "sha256:9bbc1ae1c33c1bd3a2fc05a3aec328544d2b039ff0ce6f000063628a32fad777",
                "sha256:9e992c68103ab5635728d29fcf132c669cb4e2db24d012685210276185009d17",
                "sha256:9f1087abb67b34e55108bc610936b34363a7aac692023bcbb17e065c253a1f80",
                "sha256:9fefcb92a3784b446abf3641d9a14dad815bee88e0edd10b9a9e0e144d01a991",
                "sha256:a37836aa47d1b81c2db1a6b7a5e79926062b5d76bd962115a0e615551be2b48d",
                "sha256:cca22955443c55cf86f963a4ad7057bca95e4dcde84d6a493066d380cfab3bb0",
                "sha256:d7ac50bc06d31deb07ace6de85556c1d7330e5c0958f3b2af85037d6d1182abf",
                "sha256:dfe6899304b898538f4dc94fa0b281b56b70e40f58afa4c6f807805261cbe2e8"
            ],
            "version": "==3.6.0"
        },
        "pyyaml": {
            "hashes": [
                "sha256:0c507b7f74b3d2dd4d1322ec8a94794927305ab4cebbe89cc47fe5e81541e6e8",
                "sha256:16b20e970597e051997d90dc2cddc713a2876c47e3d92d59ee198700c5427736",
                "sha256:3262c96a1ca437e7e4763e2843746588a965426550f3797a79fca9c6199c431f",
                "sha256:326420cbb492172dec84b0f65c80942de6cedb5233c413dd824483989c000608",
                "sha256:4474f8ea030b5127225b8894d626bb66c01cda098d47a2b0d3429b6700af9fd8",
                "sha256:592766c6303207a20efc445587778322d7f73b161bd994f227adaa341ba212ab",
                "sha256:5ac82e411044fb129bae5cfbeb3ba626acb2af31a8d17d175004b70862a741a7",
                "sha256:5f84523c076ad14ff5e6c037fe1c89a7f73a3e04cf0377cb4d017014976433f3",
                "sha256:827dc04b8fa7d07c44de11fabbc888e627fa8293b695e0f99cb544fdfa1bf0d1",
                "sha256:b4c423ab23291d3945ac61346feeb9a0dc4184999ede5e7c43e1ffb975130ae6",
                "sha256:bc6bced57f826ca7cb5125a10b23fd0f2fff3b7c4701d64c439a300ce665fff8",
                "sha256:c01b880ec30b5a6e6aa67b09a2fe3fb30473008c85cd6a67359a1b15ed6d83a4",
                "sha256:ca233c64c6e40eaa6c66ef97058cdc80e8d0157a443655baa1b2966e812807ca",
                "sha256:e863072cdf4c72eebf179342c94e6989c67185842d9997960b3e69290b2fa269"
            ],
            "index": "pypi",
            "version": "==3.12"
        },
        "six": {
            "hashes": [
                "sha256:70e8a77beed4562e7f14fe23a786b54f6296e34344c23bc42f07b15018ff98e9",
                "sha256:832dc0e10feb1aa2c68dcc57dbb658f1c7e65b9b61af69048abc87a2db00a0eb"
            ],
            "version": "==1.11.0"
        },
        "tensorboard": {
            "hashes": [
                "sha256:42a04637a636e16054b065907c81396b83a9702948ecd14218f19dc5cf85de98",
                "sha256:97661706fbe857c372405e0f5bd7c3db2197b5e70cec88f6924b726fde65c2c1"
            ],
            "version": "==1.9.0"
        },
        "tensorflow-gpu": {
            "hashes": [
                "sha256:33cbe929855a7f7548385205fcd96a8f90f4bf518ee786bd7a6c177b40cbcc65",
                "sha256:45940cf51620009d905c91d0b1c6742bdf69b950f597c74247e55c8a7df76fa5",
                "sha256:4a4f71b60b7aa06b5344b28574299a492b230d12395cac61b64f00043ee16c74",
                "sha256:6efdbab8ce21b24abde52b5462bbb772295821ba090583ed8c2fb7172f6132e4",
                "sha256:876c2d1fbae5893ef669c03b7d26194c04f32e4b14e577dae83eae2464609bee",
                "sha256:979edaeffced66304ecff473473fcf34e85e791e999842d0cf608a92ceab7ec7",
                "sha256:e83fa0e52200779477a50474c25f9607c24ac1a2c9eafcd6f5c4d058e81c26d1"
            ],
            "index": "pypi",
            "version": "==1.9.0rc1"
        },
        "termcolor": {
            "hashes": [
                "sha256:1d6d69ce66211143803fbc56652b41d73b4a400a2891d7bf7a1cdf4c02de613b"
            ],
            "version": "==1.1.0"
        },
        "werkzeug": {
            "hashes": [
                "sha256:c3fd7a7d41976d9f44db327260e263132466836cef6f91512889ed60ad26557c",
                "sha256:d5da73735293558eb1651ee2fddc4d0dedcfa06538b8813a2e20011583c9e49b"
            ],
            "version": "==0.14.1"
        },
        "wheel": {
            "hashes": [
                "sha256:0a2e54558a0628f2145d2fc822137e322412115173e8a2ddbe1c9024338ae83c",
                "sha256:80044e51ec5bbf6c894ba0bc48d26a8c20a9ba629f4ca19ea26ecfcf87685f5f"
            ],
            "markers": "python_version >= '3'",
            "version": "==0.31.1"
        }
    },
    "develop": {
        "asn1crypto": {
            "hashes": [
                "sha256:2f1adbb7546ed199e3c90ef23ec95c5cf3585bac7d11fb7eb562a3fe89c64e87",
                "sha256:9d5c20441baf0cb60a4ac34cc447c6c189024b6b4c6cd7877034f4965c464e49"
            ],
            "version": "==0.24.0"
        },
        "astroid": {
            "hashes": [
                "sha256:b7787562a4757d7101ca6270a06e5246c1dcd1a4851d4bb2421a6baae4b09c1b",
                "sha256:f14913e18b71e6a86e05aeec80b8bd09286dff8a6e34c3cc71d67fa3d726aec7"
            ],
            "version": "==2.0.0.dev1"
        },
        "bcrypt": {
            "hashes": [
                "sha256:01477981abf74e306e8ee31629a940a5e9138de000c6b0898f7f850461c4a0a5",
                "sha256:054d6e0acaea429e6da3613fcd12d05ee29a531794d96f6ab959f29a39f33391",
                "sha256:0872eeecdf9a429c1420158500eedb323a132bc5bf3339475151c52414729e70",
                "sha256:09a3b8c258b815eadb611bad04ca15ec77d86aa9ce56070e1af0d5932f17642a",
                "sha256:0f317e4ffbdd15c3c0f8ab5fbd86aa9aabc7bea18b5cc5951b456fe39e9f738c",
                "sha256:2788c32673a2ad0062bea850ab73cffc0dba874db10d7a3682b6f2f280553f20",
                "sha256:321d4d48be25b8d77594d8324c0585c80ae91ac214f62db9098734e5e7fb280f",
                "sha256:346d6f84ff0b493dbc90c6b77136df83e81f903f0b95525ee80e5e6d5e4eef84",
                "sha256:34dd60b90b0f6de94a89e71fcd19913a30e83091c8468d0923a93a0cccbfbbff",
                "sha256:3b4c23300c4eded8895442c003ae9b14328ae69309ac5867e7530de8bdd7875d",
                "sha256:43d1960e7db14042319c46925892d5fa99b08ff21d57482e6f5328a1aca03588",
                "sha256:49e96267cd9be55a349fd74f9852eb9ae2c427cd7f6455d0f1765d7332292832",
                "sha256:67ed1a374c9155ec0840214ce804616de49c3df9c5bc66740687c1c9b1cd9e8d",
                "sha256:6efd9ca20aefbaf2e7e6817a2c6ed4a50ff6900fafdea1bcb1d0e9471743b144",
                "sha256:8569844a5d8e1fdde4d7712a05ab2e6061343ac34af6e7e3d7935b2bd1907bfd",
                "sha256:8629ea6a8a59f865add1d6a87464c3c676e60101b8d16ef404d0a031424a8491",
                "sha256:988cac675e25133d01a78f2286189c1f01974470817a33eaf4cfee573cfb72a5",
                "sha256:9a6fedda73aba1568962f7543a1f586051c54febbc74e87769bad6a4b8587c39",
                "sha256:9eced8962ce3b7124fe20fd358cf8c7470706437fa064b9874f849ad4c5866fc",
                "sha256:a005ed6163490988711ff732386b08effcbf8df62ae93dd1e5bda0714fad8afb",
                "sha256:ae35dbcb6b011af6c840893b32399252d81ff57d52c13e12422e16b5fea1d0fb",
                "sha256:b1e8491c6740f21b37cca77bc64677696a3fb9f32360794d57fa8477b7329eda",
                "sha256:c906bdb482162e9ef48eea9f8c0d967acceb5c84f2d25574c7d2a58d04861df1",
                "sha256:cb18ffdc861dbb244f14be32c47ab69604d0aca415bee53485fcea4f8e93d5ef",
                "sha256:d86da365dda59010ba0d1ac45aa78390f56bf7f992e65f70b3b081d5e5257b09",
                "sha256:e22f0997622e1ceec834fd25947dc2ee2962c2133ea693d61805bc867abaf7ea",
                "sha256:f2fe545d27a619a552396533cddf70d83cecd880a611cdfdbb87ca6aec52f66b",
                "sha256:f7fd3ed3745fe6e81e28dc3b3d76cce31525a91f32a387e1febd6b982caf8cdb",
                "sha256:f9210820ee4818d84658ed7df16a7f30c9fba7d8b139959950acef91745cc0f7"
            ],
            "version": "==3.1.4"
        },
        "boto3": {
            "hashes": [
                "sha256:14e53a29a604f5d1ae955a3748a23e37be7c33298cfe545ffca2313ab9393634",
                "sha256:7d3ed0ba56f3c4e8b44522e2fc661c7dc1975b0ed3989d1c0aee75184b72a49b"
            ],
            "version": "==1.7.40"
        },
        "botocore": {
            "hashes": [
                "sha256:42fb33f3fdf976a18f1392f6dcf9222a1e91269a6019f4997c675a5b1392fd0e",
                "sha256:8873388deff33683bc437dd615ada5862c721754accf379ebe4ce0e21cbe2544"
            ],
            "version": "==1.10.40"
        },
        "cffi": {
            "hashes": [
                "sha256:151b7eefd035c56b2b2e1eb9963c90c6302dc15fbd8c1c0a83a163ff2c7d7743",
                "sha256:1553d1e99f035ace1c0544050622b7bc963374a00c467edafac50ad7bd276aef",
                "sha256:1b0493c091a1898f1136e3f4f991a784437fac3673780ff9de3bcf46c80b6b50",
                "sha256:2ba8a45822b7aee805ab49abfe7eec16b90587f7f26df20c71dd89e45a97076f",
                "sha256:3c85641778460581c42924384f5e68076d724ceac0f267d66c757f7535069c93",
                "sha256:3eb6434197633b7748cea30bf0ba9f66727cdce45117a712b29a443943733257",
                "sha256:4c91af6e967c2015729d3e69c2e51d92f9898c330d6a851bf8f121236f3defd3",
                "sha256:770f3782b31f50b68627e22f91cb182c48c47c02eb405fd689472aa7b7aa16dc",
                "sha256:79f9b6f7c46ae1f8ded75f68cf8ad50e5729ed4d590c74840471fc2823457d04",
                "sha256:7a33145e04d44ce95bcd71e522b478d282ad0eafaf34fe1ec5bbd73e662f22b6",
                "sha256:857959354ae3a6fa3da6651b966d13b0a8bed6bbc87a0de7b38a549db1d2a359",
                "sha256:87f37fe5130574ff76c17cab61e7d2538a16f843bb7bca8ebbc4b12de3078596",
                "sha256:95d5251e4b5ca00061f9d9f3d6fe537247e145a8524ae9fd30a2f8fbce993b5b",
                "sha256:9d1d3e63a4afdc29bd76ce6aa9d58c771cd1599fbba8cf5057e7860b203710dd",
                "sha256:a36c5c154f9d42ec176e6e620cb0dd275744aa1d804786a71ac37dc3661a5e95",
                "sha256:ae5e35a2c189d397b91034642cb0eab0e346f776ec2eb44a49a459e6615d6e2e",
                "sha256:b0f7d4a3df8f06cf49f9f121bead236e328074de6449866515cea4907bbc63d6",
                "sha256:b75110fb114fa366b29a027d0c9be3709579602ae111ff61674d28c93606acca",
                "sha256:ba5e697569f84b13640c9e193170e89c13c6244c24400fc57e88724ef610cd31",
                "sha256:be2a9b390f77fd7676d80bc3cdc4f8edb940d8c198ed2d8c0be1319018c778e1",
                "sha256:d5d8555d9bfc3f02385c1c37e9f998e2011f0db4f90e250e5bc0c0a85a813085",
                "sha256:e55e22ac0a30023426564b1059b035973ec82186ddddbac867078435801c7801",
                "sha256:e90f17980e6ab0f3c2f3730e56d1fe9bcba1891eeea58966e89d352492cc74f4",
                "sha256:ecbb7b01409e9b782df5ded849c178a0aa7c906cf8c5a67368047daab282b184",
                "sha256:ed01918d545a38998bfa5902c7c00e0fee90e957ce036a4000a88e3fe2264917",
                "sha256:edabd457cd23a02965166026fd9bfd196f4324fe6032e866d0f3bd0301cd486f",
                "sha256:fdf1c1dc5bafc32bc5d08b054f94d659422b05aba244d6be4ddc1c72d9aa70fb"
            ],
            "version": "==1.11.5"
        },
        "cryptography": {
            "hashes": [
                "sha256:3f3b65d5a16e6b52fba63dc860b62ca9832f51f1a2ae5083c78b6840275f12dd",
                "sha256:551a3abfe0c8c6833df4192a63371aa2ff43afd8f570ed345d31f251d78e7e04",
                "sha256:5cb990056b7cadcca26813311187ad751ea644712022a3976443691168781b6f",
                "sha256:60bda7f12ecb828358be53095fc9c6edda7de8f1ef571f96c00b2363643fa3cd",
                "sha256:6fef51ec447fe9f8351894024e94736862900d3a9aa2961528e602eb65c92bdb",
                "sha256:77d0ad229d47a6e0272d00f6bf8ac06ce14715a9fd02c9a97f5a2869aab3ccb2",
                "sha256:808fe471b1a6b777f026f7dc7bd9a4959da4bfab64972f2bbe91e22527c1c037",
                "sha256:9b62fb4d18529c84b961efd9187fecbb48e89aa1a0f9f4161c61b7fc42a101bd",
                "sha256:9e5bed45ec6b4f828866ac6a6bedf08388ffcfa68abe9e94b34bb40977aba531",
                "sha256:9fc295bf69130a342e7a19a39d7bbeb15c0bcaabc7382ec33ef3b2b7d18d2f63",
                "sha256:abd070b5849ed64e6d349199bef955ee0ad99aefbad792f0c587f8effa681a5e",
                "sha256:ba6a774749b6e510cffc2fb98535f717e0e5fd91c7c99a61d223293df79ab351",
                "sha256:c332118647f084c983c6a3e1dba0f3bcb051f69d12baccac68db8d62d177eb8a",
                "sha256:d6f46e862ee36df81e6342c2177ba84e70f722d9dc9c6c394f9f1f434c4a5563",
                "sha256:db6013746f73bf8edd9c3d1d3f94db635b9422f503db3fc5ef105233d4c011ab",
                "sha256:f57008eaff597c69cf692c3518f6d4800f0309253bb138b526a37fe9ef0c7471",
                "sha256:f6c821ac253c19f2ad4c8691633ae1d1a17f120d5b01ea1d256d7b602bc59887"
            ],
            "version": "==2.2.2"
        },
        "docutils": {
            "hashes": [
                "sha256:02aec4bd92ab067f6ff27a38a38a41173bf01bed8f89157768c1573f53e474a6",
                "sha256:51e64ef2ebfb29cae1faa133b3710143496eca21c530f3f71424d77687764274",
                "sha256:7a4bd47eaf6596e1295ecb11361139febe29b084a87bf005bf899f9a42edc3c6"
            ],
            "version": "==0.14"
        },
        "fabric": {
            "hashes": [
                "sha256:1ee8d659507c21a191efca119ce25c0e18ee855eea4c9c1d46d41ec9765d42e6",
                "sha256:4aeb5bcd9039a1e1225caed4b2ac296bbc347c869bdef7e3717c13ee49dba58a"
            ],
            "version": "==2.1.3"
        },
        "idna": {
            "hashes": [
                "sha256:156a6814fb5ac1fc6850fb002e0852d56c0c8d2531923a51032d1b70760e186e",
                "sha256:684a38a6f903c1d71d6d5fac066b58d7768af4de2b832e426ec79c30daa94a16"
            ],
            "version": "==2.7"
        },
        "invoke": {
            "hashes": [
                "sha256:21274204515dca62206470b088bbcf9d41ffda82b3715b90e01d71b7a4681921",
                "sha256:4a4cc031db311cbfb3fdd8ec93a06c892533c27b931f4be14b24c97cd042b14e",
                "sha256:621b6564f992c37166e16090d7e7cccb3b922e03a58e980dfa5e543a931b652f"
            ],
            "version": "==1.0.0"
        },
        "isort": {
            "hashes": [
                "sha256:1153601da39a25b14ddc54955dbbacbb6b2d19135386699e2ad58517953b34af",
                "sha256:b9c40e9750f3d77e6e4d441d8b0266cf555e7cdabdcff33c4fd06366ca761ef8",
                "sha256:ec9ef8f4a9bc6f71eec99e1806bfa2de401650d996c59330782b89a5555c1497"
            ],
            "version": "==4.3.4"
        },
        "jmespath": {
            "hashes": [
                "sha256:6a81d4c9aa62caf061cb517b4d9ad1dd300374cd4706997aff9cd6aedd61fc64",
                "sha256:f11b4461f425740a1d908e9a3f7365c3d2e569f6ca68a2ff8bc5bcd9676edd63"
            ],
            "version": "==0.9.3"
        },
        "lazy-object-proxy": {
            "hashes": [
                "sha256:0ce34342b419bd8f018e6666bfef729aec3edf62345a53b537a4dcc115746a33",
                "sha256:1b668120716eb7ee21d8a38815e5eb3bb8211117d9a90b0f8e21722c0758cc39",
                "sha256:209615b0fe4624d79e50220ce3310ca1a9445fd8e6d3572a896e7f9146bbf019",
                "sha256:27bf62cb2b1a2068d443ff7097ee33393f8483b570b475db8ebf7e1cba64f088",
                "sha256:27ea6fd1c02dcc78172a82fc37fcc0992a94e4cecf53cb6d73f11749825bd98b",
                "sha256:2c1b21b44ac9beb0fc848d3993924147ba45c4ebc24be19825e57aabbe74a99e",
                "sha256:2df72ab12046a3496a92476020a1a0abf78b2a7db9ff4dc2036b8dd980203ae6",
                "sha256:320ffd3de9699d3892048baee45ebfbbf9388a7d65d832d7e580243ade426d2b",
                "sha256:50e3b9a464d5d08cc5227413db0d1c4707b6172e4d4d915c1c70e4de0bbff1f5",
                "sha256:5276db7ff62bb7b52f77f1f51ed58850e315154249aceb42e7f4c611f0f847ff",
                "sha256:61a6cf00dcb1a7f0c773ed4acc509cb636af2d6337a08f362413c76b2b47a8dd",
                "sha256:6ae6c4cb59f199d8827c5a07546b2ab7e85d262acaccaacd49b62f53f7c456f7",
                "sha256:7661d401d60d8bf15bb5da39e4dd72f5d764c5aff5a86ef52a042506e3e970ff",
                "sha256:7bd527f36a605c914efca5d3d014170b2cb184723e423d26b1fb2fd9108e264d",
                "sha256:7cb54db3535c8686ea12e9535eb087d32421184eacc6939ef15ef50f83a5e7e2",
                "sha256:7f3a2d740291f7f2c111d86a1c4851b70fb000a6c8883a59660d95ad57b9df35",
                "sha256:81304b7d8e9c824d058087dcb89144842c8e0dea6d281c031f59f0acf66963d4",
                "sha256:933947e8b4fbe617a51528b09851685138b49d511af0b6c0da2539115d6d4514",
                "sha256:94223d7f060301b3a8c09c9b3bc3294b56b2188e7d8179c762a1cda72c979252",
                "sha256:ab3ca49afcb47058393b0122428358d2fbe0408cf99f1b58b295cfeb4ed39109",
                "sha256:bd6292f565ca46dee4e737ebcc20742e3b5be2b01556dafe169f6c65d088875f",
                "sha256:cb924aa3e4a3fb644d0c463cad5bc2572649a6a3f68a7f8e4fbe44aaa6d77e4c",
                "sha256:d0fc7a286feac9077ec52a927fc9fe8fe2fabab95426722be4c953c9a8bede92",
                "sha256:ddc34786490a6e4ec0a855d401034cbd1242ef186c20d79d2166d6a4bd449577",
                "sha256:e34b155e36fa9da7e1b7c738ed7767fc9491a62ec6af70fe9da4a057759edc2d",
                "sha256:e5b9e8f6bda48460b7b143c3821b21b452cb3a835e6bbd5dd33aa0c8d3f5137d",
                "sha256:e81ebf6c5ee9684be8f2c87563880f93eedd56dd2b6146d8a725b50b7e5adb0f",
                "sha256:eb91be369f945f10d3a49f5f9be8b3d0b93a4c2be8f8a5b83b0571b8123e0a7a",
                "sha256:f460d1ceb0e4a5dcb2a652db0904224f367c9b3c1470d5a7683c0480e582468b"
            ],
            "version": "==1.3.1"
        },
        "marshmallow": {
            "hashes": [
                "sha256:6ead3c21519714521882f2d76082f6d7cb51be2b6c443bdeea70248f8f3be012",
                "sha256:c6b162ce3544cb4acbe8ce7676ec61aac9fa0a69714be10ded5163e7195d4e11"
            ],
            "version": "==3.0.0b11"
        },
        "mccabe": {
            "hashes": [
                "sha256:ab8a6258860da4b6677da4bd2fe5dc2c659cff31b3ee4f7f5d64e79735b80d42",
                "sha256:dd8d182285a0fe56bace7f45b5e7d1a6ebcbf524e8f3bd87eb0f125271b8831f"
            ],
            "version": "==0.6.1"
        },
        "paramiko": {
            "hashes": [
                "sha256:24fb31c947de85fbdeca09e222d41206781581fb0bdf118d2ef18f6e414cd388",
                "sha256:33e36775a6c71790ba7692a73f948b329cf9295a72b0102144b031114bd2a4f3"
            ],
            "version": "==2.4.1"
        },
        "portal-gun": {
            "hashes": [
                "sha256:4e353ccd088a00d3aa6fe2aa131fb5ab9e8711fb83280a725d25b84a8e73bfd0",
                "sha256:9413c227f48e747f2c95e54f0024f735067b8a2586bda97312018da6299eb94a"
            ],
            "index": "pypi",
            "version": "==0.2.0"
        },
        "pyasn1": {
            "hashes": [
                "sha256:2f57960dc7a2820ea5a1782b872d974b639aa3b448ac6628d1ecc5d0fe3986f2",
                "sha256:3651774ca1c9726307560792877db747ba5e8a844ea1a41feb7670b319800ab3",
                "sha256:602fda674355b4701acd7741b2be5ac188056594bf1eecf690816d944e52905e",
                "sha256:8fb265066eac1d3bb5015c6988981b009ccefd294008ff7973ed5f64335b0f2d",
                "sha256:9334cb427609d2b1e195bb1e251f99636f817d7e3e1dffa150cb3365188fb992",
                "sha256:9a15cc13ff6bf5ed29ac936ca941400be050dff19630d6cd1df3fb978ef4c5ad",
                "sha256:a66dcda18dbf6e4663bde70eb30af3fc4fe1acb2d14c4867a861681887a5f9a2",
                "sha256:ba77f1e8d7d58abc42bfeddd217b545fdab4c1eeb50fd37c2219810ad56303bf",
                "sha256:cdc8eb2eaafb56de66786afa6809cd9db2df1b3b595dcb25aa5b9dc61189d40a",
                "sha256:d01fbba900c80b42af5c3fe1a999acf61e27bf0e452e0f1ef4619065e57622da",
                "sha256:f281bf11fe204f05859225ec2e9da7a7c140b65deccd8a4eb0bc75d0bd6949e0",
                "sha256:fb81622d8f3509f0026b0683fe90fea27be7284d3826a5f2edf97f69151ab0fc"
            ],
            "version": "==0.4.3"
        },
        "pycparser": {
            "hashes": [
                "sha256:99a8ca03e29851d96616ad0404b4aad7d9ee16f25c9f9708a11faf2810f7b226"
            ],
            "version": "==2.18"
        },
        "pylint": {
            "hashes": [
                "sha256:0990347c0f605927fadb2a9366a0b3d40bd19eb44e4312f0a1ef729a389b2f40",
                "sha256:19b902f93f2dc3fa45565e54b88702b28379be40107f509a8516dde152460d1f"
            ],
            "index": "pypi",
            "version": "==2.0.0.dev1"
        },
        "pynacl": {
            "hashes": [
                "sha256:04e30e5bdeeb2d5b34107f28cd2f5bbfdc6c616f3be88fc6f53582ff1669eeca",
                "sha256:0bfa0d94d2be6874e40f896e0a67e290749151e7de767c5aefbad1121cad7512",
                "sha256:11aa4e141b2456ce5cecc19c130e970793fa3a2c2e6fbb8ad65b28f35aa9e6b6",
                "sha256:13bdc1fe084ff9ac7653ae5a924cae03bf4bb07c6667c9eb5b6eb3c570220776",
                "sha256:14339dc233e7a9dda80a3800e64e7ff89d0878ba23360eea24f1af1b13772cac",
                "sha256:1d33e775fab3f383167afb20b9927aaf4961b953d76eeb271a5703a6d756b65b",
                "sha256:2a42b2399d0428619e58dac7734838102d35f6dcdee149e0088823629bf99fbb",
                "sha256:2dce05ac8b3c37b9e2f65eab56c544885607394753e9613fd159d5e2045c2d98",
                "sha256:6453b0dae593163ffc6db6f9c9c1597d35c650598e2c39c0590d1757207a1ac2",
                "sha256:73a5a96fb5fbf2215beee2353a128d382dbca83f5341f0d3c750877a236569ef",
                "sha256:8abb4ef79161a5f58848b30ab6fb98d8c466da21fdd65558ce1d7afc02c70b5f",
                "sha256:8ac1167195b32a8755de06efd5b2d2fe76fc864517dab66aaf65662cc59e1988",
                "sha256:8f505f42f659012794414fa57c498404e64db78f1d98dfd40e318c569f3c783b",
                "sha256:be71cd5fce04061e1f3d39597f93619c80cdd3558a6c9ba99a546f144a8d8101",
                "sha256:cf6877124ae6a0698404e169b3ba534542cfbc43f939d46b927d956daf0a373a",
                "sha256:d0eb5b2795b7ee2cbcfcadacbe95a13afbda048a262bd369da9904fecb568975",
                "sha256:d795f506bcc9463efb5ebb0f65ed77921dcc9e0a50499dedd89f208445de9ecb",
                "sha256:d8aaf7e5d6b0e0ef7d6dbf7abeb75085713d0100b4eb1a4e4e857de76d77ac45",
                "sha256:e0d38fa0a75f65f556fb912f2c6790d1fa29b7dd27a1d9cc5591b281321eaaa9",
                "sha256:eb2acabbd487a46b38540a819ef67e477a674481f84a82a7ba2234b9ba46f752",
                "sha256:eeee629828d0eb4f6d98ac41e9a3a6461d114d1d0aa111a8931c049359298da0",
                "sha256:f5ce9e26d25eb0b2d96f3ef0ad70e1d3ae89b5d60255c462252a3e456a48c053",
                "sha256:fabf73d5d0286f9e078774f3435601d2735c94ce9e514ac4fb945701edead7e4"
            ],
            "version": "==1.2.1"
        },
        "python-dateutil": {
            "hashes": [
                "sha256:1adb80e7a782c12e52ef9a8182bebeb73f1d7e24e374397af06fb4956c8dc5c0",
                "sha256:e27001de32f627c22380a688bcc43ce83504a7bc5da472209b4c70f02829f0b8"
            ],
            "markers": "python_version >= '2.7'",
            "version": "==2.7.3"
        },
        "s3transfer": {
            "hashes": [
                "sha256:90dc18e028989c609146e241ea153250be451e05ecc0c2832565231dacdf59c1",
                "sha256:c7a9ec356982d5e9ab2d4b46391a7d6a950e2b04c472419f5fdec70cc0ada72f"
            ],
            "version": "==0.1.13"
        },
        "six": {
            "hashes": [
                "sha256:70e8a77beed4562e7f14fe23a786b54f6296e34344c23bc42f07b15018ff98e9",
                "sha256:832dc0e10feb1aa2c68dcc57dbb658f1c7e65b9b61af69048abc87a2db00a0eb"
            ],
            "version": "==1.11.0"
        },
        "typed-ast": {
            "hashes": [
                "sha256:0948004fa228ae071054f5208840a1e88747a357ec1101c17217bfe99b299d58",
                "sha256:25d8feefe27eb0303b73545416b13d108c6067b846b543738a25ff304824ed9a",
                "sha256:29464a177d56e4e055b5f7b629935af7f49c196be47528cc94e0a7bf83fbc2b9",
                "sha256:2e214b72168ea0275efd6c884b114ab42e316de3ffa125b267e732ed2abda892",
                "sha256:3e0d5e48e3a23e9a4d1a9f698e32a542a4a288c871d33ed8df1b092a40f3a0f9",
                "sha256:519425deca5c2b2bdac49f77b2c5625781abbaf9a809d727d3a5596b30bb4ded",
                "sha256:57fe287f0cdd9ceaf69e7b71a2e94a24b5d268b35df251a88fef5cc241bf73aa",
                "sha256:668d0cec391d9aed1c6a388b0d5b97cd22e6073eaa5fbaa6d2946603b4871efe",
                "sha256:68ba70684990f59497680ff90d18e756a47bf4863c604098f10de9716b2c0bdd",
                "sha256:6de012d2b166fe7a4cdf505eee3aaa12192f7ba365beeefaca4ec10e31241a85",
                "sha256:79b91ebe5a28d349b6d0d323023350133e927b4de5b651a8aa2db69c761420c6",
                "sha256:8550177fa5d4c1f09b5e5f524411c44633c80ec69b24e0e98906dd761941ca46",
                "sha256:a8034021801bc0440f2e027c354b4eafd95891b573e12ff0418dec385c76785c",
                "sha256:bc978ac17468fe868ee589c795d06777f75496b1ed576d308002c8a5756fb9ea",
                "sha256:c05b41bc1deade9f90ddc5d988fe506208019ebba9f2578c622516fd201f5863",
                "sha256:c9b060bd1e5a26ab6e8267fd46fc9e02b54eb15fffb16d112d4c7b1c12987559",
                "sha256:edb04bdd45bfd76c8292c4d9654568efaedf76fe78eb246dde69bdb13b2dad87",
                "sha256:f19f2a4f547505fe9072e15f6f4ae714af51b5a681a97f187971f50c283193b6"
            ],
            "markers": "python_version < '3.7'",
            "version": "==1.1.0"
        },
        "wrapt": {
            "hashes": [
                "sha256:d4d560d479f2c21e1b5443bbd15fe7ec4b37fe7e53d335d3b9b0a7b1226fe3c6"
            ],
            "version": "==1.10.11"
        },
        "yapf": {
            "hashes": [
                "sha256:6567745f0b6656f9c33a73c56a393071c699e6284a70d793798ab6e3769d25ec",
                "sha256:a98a6eacca64d2b920558f4a2f78150db9474de821227e60deaa29f186121c63"
            ],
            "index": "pypi",
            "version": "==0.22.0"
        }
    }
}
